
Microsoft Visual Studio Solution File, Format Version 12.00
# Visual Studio Version 17
VisualStudioVersion = 17.4.33110.190
MinimumVisualStudioVersion = 10.0.40219.1
Project("{FAE04EC0-301F-11D3-BF4B-00C04F79EFBC}") = "CreateContourPlate", "CreateContourPlate\CreateContourPlate.csproj", "{B94BEEB0-1711-44E5-BCDA-AE9BCD45BBBD}"
EndProject
Global
	GlobalSection(SolutionConfigurationPlatforms) = preSolution
		Debug|Any CPU = Debug|Any CPU
		Release|Any CPU = Release|Any CPU
	EndGlobalSection
	GlobalSection(ProjectConfigurationPlatforms) = postSolution
		{B94BEEB0-1711-44E5-BCDA-AE9BCD45BBBD}.Debug|Any CPU.ActiveCfg = Debug|Any CPU
		{B94BEEB0-1711-44E5-BCDA-AE9BCD45BBBD}.Debug|Any CPU.Build.0 = Debug|Any CPU
		{B94BEEB0-1711-44E5-BCDA-AE9BCD45BBBD}.Release|Any CPU.ActiveCfg = Release|Any CPU
		{B94BEEB0-1711-44E5-BCDA-AE9BCD45BBBD}.Release|Any CPU.Build.0 = Release|Any CPU
	EndGlobalSection
	GlobalSection(SolutionProperties) = preSolution
		HideSolutionNode = FALSE
	EndGlobalSection
	GlobalSection(ExtensibilityGlobals) = postSolution
		SolutionGuid = {C50403B2-A294-4547-B4E5-334408A1AEBD}
	EndGlobalSection
EndGlobal
